// !$*UTF8*$!
{
	archiveVersion = 1;
	classes = {
	};
	objectVersion = 51;
	objects = {

/* Begin PBXBuildFile section */
		0943E2C4587BACD8C6F66692 /* Pods_ColorfulTests.framework in Frameworks */ = {isa = PBXBuildFile; fileRef = 820518C9F6C61D34F8916663 /* Pods_ColorfulTests.framework */; };
		7F7444AE257ABC95004BB2A2 /* MainVC.swift in Sources */ = {isa = PBXBuildFile; fileRef = 7F7444AD257ABC95004BB2A2 /* MainVC.swift */; };
		7F7444D5257BF9C1004BB2A2 /* WritingCVC.swift in Sources */ = {isa = PBXBuildFile; fileRef = 7F7444D4257BF9C1004BB2A2 /* WritingCVC.swift */; };
		7F7444DA257BF9D3004BB2A2 /* PictureCVC.swift in Sources */ = {isa = PBXBuildFile; fileRef = 7F7444D9257BF9D3004BB2A2 /* PictureCVC.swift */; };
		7F7444EC257C0AE6004BB2A2 /* Writing.storyboard in Resources */ = {isa = PBXBuildFile; fileRef = 7F7444EB257C0AE6004BB2A2 /* Writing.storyboard */; };
		7F7444FC257C0B40004BB2A2 /* WritingVC.swift in Sources */ = {isa = PBXBuildFile; fileRef = 7F7444FB257C0B40004BB2A2 /* WritingVC.swift */; };
		7F74452225812452004BB2A2 /* APIConstants.swift in Sources */ = {isa = PBXBuildFile; fileRef = 7F74452125812452004BB2A2 /* APIConstants.swift */; };
		7F74452A25812517004BB2A2 /* NetworkResult.swift in Sources */ = {isa = PBXBuildFile; fileRef = 7F74452925812517004BB2A2 /* NetworkResult.swift */; };
		7F74453925812856004BB2A2 /* HomePostData.swift in Sources */ = {isa = PBXBuildFile; fileRef = 7F74453825812856004BB2A2 /* HomePostData.swift */; };
		7FD538BC2581640F0034D9F0 /* CustomCell.swift in Sources */ = {isa = PBXBuildFile; fileRef = 7FD538BA2581640F0034D9F0 /* CustomCell.swift */; };
		7FD5393625818BFC0034D9F0 /* UIColor.swift in Sources */ = {isa = PBXBuildFile; fileRef = 7FD5393525818BFC0034D9F0 /* UIColor.swift */; };
		7FD5395425823A690034D9F0 /* AllVC.swift in Sources */ = {isa = PBXBuildFile; fileRef = 7FD5395325823A690034D9F0 /* AllVC.swift */; };
		7FD5395925823A840034D9F0 /* AgeVC.swift in Sources */ = {isa = PBXBuildFile; fileRef = 7FD5395825823A840034D9F0 /* AgeVC.swift */; };
		7FD5395E25823AA80034D9F0 /* GenderVC.swift in Sources */ = {isa = PBXBuildFile; fileRef = 7FD5395D25823AA80034D9F0 /* GenderVC.swift */; };
		7FD5398125824A490034D9F0 /* Post.storyboard in Resources */ = {isa = PBXBuildFile; fileRef = 7FD5398025824A490034D9F0 /* Post.storyboard */; };
		7FD5398625824A570034D9F0 /* PostVC.swift in Sources */ = {isa = PBXBuildFile; fileRef = 7FD5398525824A570034D9F0 /* PostVC.swift */; };
		9D3820072586960700BC3C4F /* SigninService.swift in Sources */ = {isa = PBXBuildFile; fileRef = 9D3820062586960700BC3C4F /* SigninService.swift */; };
		9D3820102586964000BC3C4F /* UserdefaultKey.swift in Sources */ = {isa = PBXBuildFile; fileRef = 9D38200F2586964000BC3C4F /* UserdefaultKey.swift */; };
		9D5F9EC32582798B00742F22 /* AuthorVC.swift in Sources */ = {isa = PBXBuildFile; fileRef = 9D5F9EC22582798B00742F22 /* AuthorVC.swift */; };
		9D5F9ECB2582799900742F22 /* MyPageVC.swift in Sources */ = {isa = PBXBuildFile; fileRef = 9D5F9EC72582799900742F22 /* MyPageVC.swift */; };
		9D5F9ECC2582799900742F22 /* MypostVC.swift in Sources */ = {isa = PBXBuildFile; fileRef = 9D5F9EC82582799900742F22 /* MypostVC.swift */; };
		9D5F9ECD2582799900742F22 /* LikeVC.swift in Sources */ = {isa = PBXBuildFile; fileRef = 9D5F9EC92582799900742F22 /* LikeVC.swift */; };
		9D5F9ECE2582799900742F22 /* MypictureVC.swift in Sources */ = {isa = PBXBuildFile; fileRef = 9D5F9ECA2582799900742F22 /* MypictureVC.swift */; };
		9D5F9ED7258279A200742F22 /* Like.storyboard in Resources */ = {isa = PBXBuildFile; fileRef = 9D5F9ED2258279A200742F22 /* Like.storyboard */; };
		9D5F9ED8258279A200742F22 /* Mypage.storyboard in Resources */ = {isa = PBXBuildFile; fileRef = 9D5F9ED3258279A200742F22 /* Mypage.storyboard */; };
		9D5F9ED9258279A200742F22 /* Mypicture.storyboard in Resources */ = {isa = PBXBuildFile; fileRef = 9D5F9ED4258279A200742F22 /* Mypicture.storyboard */; };
		9D5F9EDA258279A200742F22 /* Mypost.storyboard in Resources */ = {isa = PBXBuildFile; fileRef = 9D5F9ED5258279A200742F22 /* Mypost.storyboard */; };
		9D5F9EDB258279A200742F22 /* Author.storyboard in Resources */ = {isa = PBXBuildFile; fileRef = 9D5F9ED6258279A200742F22 /* Author.storyboard */; };
		9D5F9EE0258279B000742F22 /* PostCell.swift in Sources */ = {isa = PBXBuildFile; fileRef = 9D5F9EDF258279B000742F22 /* PostCell.swift */; };
		9D5F9EFF258289B000742F22 /* PictureCell.swift in Sources */ = {isa = PBXBuildFile; fileRef = 9D5F9EFE258289B000742F22 /* PictureCell.swift */; };
		9D5F9F072582993A00742F22 /* AuthorCell.swift in Sources */ = {isa = PBXBuildFile; fileRef = 9D5F9F062582993A00742F22 /* AuthorCell.swift */; };
		9D5F9F0C25829CAF00742F22 /* LikeCell.swift in Sources */ = {isa = PBXBuildFile; fileRef = 9D5F9F0B25829CAF00742F22 /* LikeCell.swift */; };
		9D5F9F1E2582A33C00742F22 /* Tabbar.storyboard in Resources */ = {isa = PBXBuildFile; fileRef = 9D5F9F1D2582A33C00742F22 /* Tabbar.storyboard */; };
		9D5F9F242582A70700742F22 /* Content.storyboard in Resources */ = {isa = PBXBuildFile; fileRef = 9D5F9F232582A70700742F22 /* Content.storyboard */; };
		9D5F9F2B2582A72B00742F22 /* ContentVC.swift in Sources */ = {isa = PBXBuildFile; fileRef = 9D5F9F2A2582A72B00742F22 /* ContentVC.swift */; };
		9D5F9F3A2582AA4C00742F22 /* TabbarVC.swift in Sources */ = {isa = PBXBuildFile; fileRef = 9D5F9F392582AA4C00742F22 /* TabbarVC.swift */; };
		9D5F9F492582BABF00742F22 /* CarouselLayout.swift in Sources */ = {isa = PBXBuildFile; fileRef = 9D5F9F482582BABE00742F22 /* CarouselLayout.swift */; };
		9D5F9F4E2582C06F00742F22 /* ContentCell.swift in Sources */ = {isa = PBXBuildFile; fileRef = 9D5F9F4D2582C06F00742F22 /* ContentCell.swift */; };
		9D6099D625868D5500BB56BA /* Signin.storyboard in Resources */ = {isa = PBXBuildFile; fileRef = 9D6099D525868D5500BB56BA /* Signin.storyboard */; };
		9D6099E125868D7D00BB56BA /* SigninVC.swift in Sources */ = {isa = PBXBuildFile; fileRef = 9D6099E025868D7D00BB56BA /* SigninVC.swift */; };
		9D84F48C25866EA900BCE51D /* ContentDetail.storyboard in Resources */ = {isa = PBXBuildFile; fileRef = 9D84F48B25866EA900BCE51D /* ContentDetail.storyboard */; };
		9D84F49125866F4100BCE51D /* ContentDetailVC.swift in Sources */ = {isa = PBXBuildFile; fileRef = 9D84F49025866F4100BCE51D /* ContentDetailVC.swift */; };
		9D84F4962586756E00BCE51D /* ComentCell.swift in Sources */ = {isa = PBXBuildFile; fileRef = 9D84F4952586756E00BCE51D /* ComentCell.swift */; };
		9D94A8DF2586A0DC00E333FF /* ResponseData.swift in Sources */ = {isa = PBXBuildFile; fileRef = 9D94A8DE2586A0DC00E333FF /* ResponseData.swift */; };
		9D94A9022586AA4200E333FF /* SignupService.swift in Sources */ = {isa = PBXBuildFile; fileRef = 9D94A9012586AA4200E333FF /* SignupService.swift */; };
		9DB0EE5E25869B040078390B /* Signup.storyboard in Resources */ = {isa = PBXBuildFile; fileRef = 9DB0EE5D25869B040078390B /* Signup.storyboard */; };
		9DB0EE6625869B330078390B /* SignupVC.swift in Sources */ = {isa = PBXBuildFile; fileRef = 9DB0EE6525869B330078390B /* SignupVC.swift */; };
		9DE91AD62578F6BC0079C7F4 /* AppDelegate.swift in Sources */ = {isa = PBXBuildFile; fileRef = 9DE91AD52578F6BC0079C7F4 /* AppDelegate.swift */; };
		9DE91AD82578F6BC0079C7F4 /* SceneDelegate.swift in Sources */ = {isa = PBXBuildFile; fileRef = 9DE91AD72578F6BC0079C7F4 /* SceneDelegate.swift */; };
		9DE91ADD2578F6BC0079C7F4 /* Main.storyboard in Resources */ = {isa = PBXBuildFile; fileRef = 9DE91ADB2578F6BC0079C7F4 /* Main.storyboard */; };
		9DE91ADF2578F6BF0079C7F4 /* Assets.xcassets in Resources */ = {isa = PBXBuildFile; fileRef = 9DE91ADE2578F6BF0079C7F4 /* Assets.xcassets */; };
		9DE91AE22578F6BF0079C7F4 /* LaunchScreen.storyboard in Resources */ = {isa = PBXBuildFile; fileRef = 9DE91AE02578F6BF0079C7F4 /* LaunchScreen.storyboard */; };
		9DE91AED2578F6BF0079C7F4 /* ColorfulTests.swift in Sources */ = {isa = PBXBuildFile; fileRef = 9DE91AEC2578F6BF0079C7F4 /* ColorfulTests.swift */; };
		9DE91AF82578F6BF0079C7F4 /* ColorfulUITests.swift in Sources */ = {isa = PBXBuildFile; fileRef = 9DE91AF72578F6BF0079C7F4 /* ColorfulUITests.swift */; };
		B194089FC2F71573F1321A1F /* Pods_Colorful.framework in Frameworks */ = {isa = PBXBuildFile; fileRef = FDC78702DEB293653EDD95E2 /* Pods_Colorful.framework */; };
		E87F220A84F6178982417327 /* Pods_Colorful_ColorfulUITests.framework in Frameworks */ = {isa = PBXBuildFile; fileRef = 95523E7BC736F82813C1E8ED /* Pods_Colorful_ColorfulUITests.framework */; };
/* End PBXBuildFile section */

/* Begin PBXContainerItemProxy section */
		9DE91AE92578F6BF0079C7F4 /* PBXContainerItemProxy */ = {
			isa = PBXContainerItemProxy;
			containerPortal = 9DE91ACA2578F6BB0079C7F4 /* Project object */;
			proxyType = 1;
			remoteGlobalIDString = 9DE91AD12578F6BC0079C7F4;
			remoteInfo = Colorful;
		};
		9DE91AF42578F6BF0079C7F4 /* PBXContainerItemProxy */ = {
			isa = PBXContainerItemProxy;
			containerPortal = 9DE91ACA2578F6BB0079C7F4 /* Project object */;
			proxyType = 1;
			remoteGlobalIDString = 9DE91AD12578F6BC0079C7F4;
			remoteInfo = Colorful;
		};
/* End PBXContainerItemProxy section */

/* Begin PBXFileReference section */
		0962F63CB137ED2AA7DF808B /* Pods-Colorful.release.xcconfig */ = {isa = PBXFileReference; includeInIndex = 1; lastKnownFileType = text.xcconfig; name = "Pods-Colorful.release.xcconfig"; path = "Target Support Files/Pods-Colorful/Pods-Colorful.release.xcconfig"; sourceTree = "<group>"; };
		1532B31DD479B1E00A531633 /* Pods-Colorful.debug.xcconfig */ = {isa = PBXFileReference; includeInIndex = 1; lastKnownFileType = text.xcconfig; name = "Pods-Colorful.debug.xcconfig"; path = "Target Support Files/Pods-Colorful/Pods-Colorful.debug.xcconfig"; sourceTree = "<group>"; };
		73B272007F05D401F90740CD /* Pods-Colorful-ColorfulUITests.release.xcconfig */ = {isa = PBXFileReference; includeInIndex = 1; lastKnownFileType = text.xcconfig; name = "Pods-Colorful-ColorfulUITests.release.xcconfig"; path = "Target Support Files/Pods-Colorful-ColorfulUITests/Pods-Colorful-ColorfulUITests.release.xcconfig"; sourceTree = "<group>"; };
		7F7444AD257ABC95004BB2A2 /* MainVC.swift */ = {isa = PBXFileReference; lastKnownFileType = sourcecode.swift; path = MainVC.swift; sourceTree = "<group>"; };
		7F7444D4257BF9C1004BB2A2 /* WritingCVC.swift */ = {isa = PBXFileReference; lastKnownFileType = sourcecode.swift; path = WritingCVC.swift; sourceTree = "<group>"; };
		7F7444D9257BF9D3004BB2A2 /* PictureCVC.swift */ = {isa = PBXFileReference; lastKnownFileType = sourcecode.swift; path = PictureCVC.swift; sourceTree = "<group>"; };
		7F7444EB257C0AE6004BB2A2 /* Writing.storyboard */ = {isa = PBXFileReference; lastKnownFileType = file.storyboard; path = Writing.storyboard; sourceTree = "<group>"; };
		7F7444FB257C0B40004BB2A2 /* WritingVC.swift */ = {isa = PBXFileReference; lastKnownFileType = sourcecode.swift; path = WritingVC.swift; sourceTree = "<group>"; };
		7F74452125812452004BB2A2 /* APIConstants.swift */ = {isa = PBXFileReference; lastKnownFileType = sourcecode.swift; path = APIConstants.swift; sourceTree = "<group>"; };
		7F74452925812517004BB2A2 /* NetworkResult.swift */ = {isa = PBXFileReference; lastKnownFileType = sourcecode.swift; path = NetworkResult.swift; sourceTree = "<group>"; };
		7F74453825812856004BB2A2 /* HomePostData.swift */ = {isa = PBXFileReference; lastKnownFileType = sourcecode.swift; path = HomePostData.swift; sourceTree = "<group>"; };
		7FD538BA2581640F0034D9F0 /* CustomCell.swift */ = {isa = PBXFileReference; lastKnownFileType = sourcecode.swift; path = CustomCell.swift; sourceTree = "<group>"; };
		7FD5393525818BFC0034D9F0 /* UIColor.swift */ = {isa = PBXFileReference; lastKnownFileType = sourcecode.swift; path = UIColor.swift; sourceTree = "<group>"; };
		7FD5395325823A690034D9F0 /* AllVC.swift */ = {isa = PBXFileReference; lastKnownFileType = sourcecode.swift; path = AllVC.swift; sourceTree = "<group>"; };
		7FD5395825823A840034D9F0 /* AgeVC.swift */ = {isa = PBXFileReference; lastKnownFileType = sourcecode.swift; path = AgeVC.swift; sourceTree = "<group>"; };
		7FD5395D25823AA80034D9F0 /* GenderVC.swift */ = {isa = PBXFileReference; lastKnownFileType = sourcecode.swift; name = GenderVC.swift; path = Colorful/Sources/Scene/Writing/Storyboard/GenderVC.swift; sourceTree = SOURCE_ROOT; };
		7FD5398025824A490034D9F0 /* Post.storyboard */ = {isa = PBXFileReference; lastKnownFileType = file.storyboard; path = Post.storyboard; sourceTree = "<group>"; };
		7FD5398525824A570034D9F0 /* PostVC.swift */ = {isa = PBXFileReference; lastKnownFileType = sourcecode.swift; path = PostVC.swift; sourceTree = "<group>"; };
		820518C9F6C61D34F8916663 /* Pods_ColorfulTests.framework */ = {isa = PBXFileReference; explicitFileType = wrapper.framework; includeInIndex = 0; path = Pods_ColorfulTests.framework; sourceTree = BUILT_PRODUCTS_DIR; };
		95523E7BC736F82813C1E8ED /* Pods_Colorful_ColorfulUITests.framework */ = {isa = PBXFileReference; explicitFileType = wrapper.framework; includeInIndex = 0; path = Pods_Colorful_ColorfulUITests.framework; sourceTree = BUILT_PRODUCTS_DIR; };
		9D3820062586960700BC3C4F /* SigninService.swift */ = {isa = PBXFileReference; lastKnownFileType = sourcecode.swift; path = SigninService.swift; sourceTree = "<group>"; };
		9D38200F2586964000BC3C4F /* UserdefaultKey.swift */ = {isa = PBXFileReference; lastKnownFileType = sourcecode.swift; path = UserdefaultKey.swift; sourceTree = "<group>"; };
		9D5F9EC22582798B00742F22 /* AuthorVC.swift */ = {isa = PBXFileReference; fileEncoding = 4; lastKnownFileType = sourcecode.swift; name = AuthorVC.swift; path = Colorful/Sources/Scene/Mypage/ViewController/AuthorVC.swift; sourceTree = SOURCE_ROOT; };
		9D5F9EC72582799900742F22 /* MyPageVC.swift */ = {isa = PBXFileReference; fileEncoding = 4; lastKnownFileType = sourcecode.swift; name = MyPageVC.swift; path = Colorful/Sources/Scene/Mypage/ViewController/MyPageVC.swift; sourceTree = SOURCE_ROOT; };
		9D5F9EC82582799900742F22 /* MypostVC.swift */ = {isa = PBXFileReference; fileEncoding = 4; lastKnownFileType = sourcecode.swift; name = MypostVC.swift; path = Colorful/Sources/Scene/Mypage/ViewController/MypostVC.swift; sourceTree = SOURCE_ROOT; };
		9D5F9EC92582799900742F22 /* LikeVC.swift */ = {isa = PBXFileReference; fileEncoding = 4; lastKnownFileType = sourcecode.swift; name = LikeVC.swift; path = Colorful/Sources/Scene/Mypage/ViewController/LikeVC.swift; sourceTree = SOURCE_ROOT; };
		9D5F9ECA2582799900742F22 /* MypictureVC.swift */ = {isa = PBXFileReference; fileEncoding = 4; lastKnownFileType = sourcecode.swift; name = MypictureVC.swift; path = Colorful/Sources/Scene/Mypage/ViewController/MypictureVC.swift; sourceTree = SOURCE_ROOT; };
		9D5F9ED2258279A200742F22 /* Like.storyboard */ = {isa = PBXFileReference; fileEncoding = 4; lastKnownFileType = file.storyboard; name = Like.storyboard; path = Colorful/Sources/Scene/Mypage/Storyboard/Like.storyboard; sourceTree = SOURCE_ROOT; };
		9D5F9ED3258279A200742F22 /* Mypage.storyboard */ = {isa = PBXFileReference; fileEncoding = 4; lastKnownFileType = file.storyboard; name = Mypage.storyboard; path = Colorful/Sources/Scene/Mypage/Storyboard/Mypage.storyboard; sourceTree = SOURCE_ROOT; };
		9D5F9ED4258279A200742F22 /* Mypicture.storyboard */ = {isa = PBXFileReference; fileEncoding = 4; lastKnownFileType = file.storyboard; name = Mypicture.storyboard; path = Colorful/Sources/Scene/Mypage/Storyboard/Mypicture.storyboard; sourceTree = SOURCE_ROOT; };
		9D5F9ED5258279A200742F22 /* Mypost.storyboard */ = {isa = PBXFileReference; fileEncoding = 4; lastKnownFileType = file.storyboard; name = Mypost.storyboard; path = Colorful/Sources/Scene/Mypage/Storyboard/Mypost.storyboard; sourceTree = SOURCE_ROOT; };
		9D5F9ED6258279A200742F22 /* Author.storyboard */ = {isa = PBXFileReference; fileEncoding = 4; lastKnownFileType = file.storyboard; name = Author.storyboard; path = Colorful/Sources/Scene/Mypage/Storyboard/Author.storyboard; sourceTree = SOURCE_ROOT; };
		9D5F9EDF258279B000742F22 /* PostCell.swift */ = {isa = PBXFileReference; fileEncoding = 4; lastKnownFileType = sourcecode.swift; name = PostCell.swift; path = Colorful/Sources/Scene/Mypage/CollectionView/PostCell.swift; sourceTree = SOURCE_ROOT; };
		9D5F9EFE258289B000742F22 /* PictureCell.swift */ = {isa = PBXFileReference; lastKnownFileType = sourcecode.swift; path = PictureCell.swift; sourceTree = "<group>"; };
		9D5F9F062582993A00742F22 /* AuthorCell.swift */ = {isa = PBXFileReference; lastKnownFileType = sourcecode.swift; path = AuthorCell.swift; sourceTree = "<group>"; };
		9D5F9F0B25829CAF00742F22 /* LikeCell.swift */ = {isa = PBXFileReference; lastKnownFileType = sourcecode.swift; path = LikeCell.swift; sourceTree = "<group>"; };
		9D5F9F1D2582A33C00742F22 /* Tabbar.storyboard */ = {isa = PBXFileReference; lastKnownFileType = file.storyboard; path = Tabbar.storyboard; sourceTree = "<group>"; };
		9D5F9F232582A70700742F22 /* Content.storyboard */ = {isa = PBXFileReference; lastKnownFileType = file.storyboard; path = Content.storyboard; sourceTree = "<group>"; };
		9D5F9F2A2582A72B00742F22 /* ContentVC.swift */ = {isa = PBXFileReference; lastKnownFileType = sourcecode.swift; path = ContentVC.swift; sourceTree = "<group>"; };
		9D5F9F392582AA4C00742F22 /* TabbarVC.swift */ = {isa = PBXFileReference; lastKnownFileType = sourcecode.swift; path = TabbarVC.swift; sourceTree = "<group>"; };
		9D5F9F482582BABE00742F22 /* CarouselLayout.swift */ = {isa = PBXFileReference; lastKnownFileType = sourcecode.swift; path = CarouselLayout.swift; sourceTree = "<group>"; };
		9D5F9F4D2582C06F00742F22 /* ContentCell.swift */ = {isa = PBXFileReference; lastKnownFileType = sourcecode.swift; path = ContentCell.swift; sourceTree = "<group>"; };
		9D6099D525868D5500BB56BA /* Signin.storyboard */ = {isa = PBXFileReference; lastKnownFileType = file.storyboard; path = Signin.storyboard; sourceTree = "<group>"; };
		9D6099E025868D7D00BB56BA /* SigninVC.swift */ = {isa = PBXFileReference; lastKnownFileType = sourcecode.swift; path = SigninVC.swift; sourceTree = "<group>"; };
		9D61E95A9B7E972464983A11 /* Pods-Colorful-ColorfulUITests.debug.xcconfig */ = {isa = PBXFileReference; includeInIndex = 1; lastKnownFileType = text.xcconfig; name = "Pods-Colorful-ColorfulUITests.debug.xcconfig"; path = "Target Support Files/Pods-Colorful-ColorfulUITests/Pods-Colorful-ColorfulUITests.debug.xcconfig"; sourceTree = "<group>"; };
		9D84F48B25866EA900BCE51D /* ContentDetail.storyboard */ = {isa = PBXFileReference; lastKnownFileType = file.storyboard; path = ContentDetail.storyboard; sourceTree = "<group>"; };
		9D84F49025866F4100BCE51D /* ContentDetailVC.swift */ = {isa = PBXFileReference; lastKnownFileType = sourcecode.swift; path = ContentDetailVC.swift; sourceTree = "<group>"; };
		9D84F4952586756E00BCE51D /* ComentCell.swift */ = {isa = PBXFileReference; lastKnownFileType = sourcecode.swift; path = ComentCell.swift; sourceTree = "<group>"; };
		9D94A8DE2586A0DC00E333FF /* ResponseData.swift */ = {isa = PBXFileReference; lastKnownFileType = sourcecode.swift; path = ResponseData.swift; sourceTree = "<group>"; };
		9D94A9012586AA4200E333FF /* SignupService.swift */ = {isa = PBXFileReference; lastKnownFileType = sourcecode.swift; path = SignupService.swift; sourceTree = "<group>"; };
		9DB0EE5D25869B040078390B /* Signup.storyboard */ = {isa = PBXFileReference; lastKnownFileType = file.storyboard; path = Signup.storyboard; sourceTree = "<group>"; };
		9DB0EE6525869B330078390B /* SignupVC.swift */ = {isa = PBXFileReference; lastKnownFileType = sourcecode.swift; path = SignupVC.swift; sourceTree = "<group>"; };
		9DE91AD22578F6BC0079C7F4 /* Colorful.app */ = {isa = PBXFileReference; explicitFileType = wrapper.application; includeInIndex = 0; path = Colorful.app; sourceTree = BUILT_PRODUCTS_DIR; };
		9DE91AD52578F6BC0079C7F4 /* AppDelegate.swift */ = {isa = PBXFileReference; lastKnownFileType = sourcecode.swift; path = AppDelegate.swift; sourceTree = "<group>"; };
		9DE91AD72578F6BC0079C7F4 /* SceneDelegate.swift */ = {isa = PBXFileReference; lastKnownFileType = sourcecode.swift; path = SceneDelegate.swift; sourceTree = "<group>"; };
		9DE91ADC2578F6BC0079C7F4 /* Base */ = {isa = PBXFileReference; lastKnownFileType = file.storyboard; name = Base; path = Base.lproj/Main.storyboard; sourceTree = "<group>"; };
		9DE91ADE2578F6BF0079C7F4 /* Assets.xcassets */ = {isa = PBXFileReference; lastKnownFileType = folder.assetcatalog; path = Assets.xcassets; sourceTree = "<group>"; };
		9DE91AE12578F6BF0079C7F4 /* Base */ = {isa = PBXFileReference; lastKnownFileType = file.storyboard; name = Base; path = Base.lproj/LaunchScreen.storyboard; sourceTree = "<group>"; };
		9DE91AE32578F6BF0079C7F4 /* Info.plist */ = {isa = PBXFileReference; lastKnownFileType = text.plist.xml; path = Info.plist; sourceTree = "<group>"; };
		9DE91AE82578F6BF0079C7F4 /* ColorfulTests.xctest */ = {isa = PBXFileReference; explicitFileType = wrapper.cfbundle; includeInIndex = 0; path = ColorfulTests.xctest; sourceTree = BUILT_PRODUCTS_DIR; };
		9DE91AEC2578F6BF0079C7F4 /* ColorfulTests.swift */ = {isa = PBXFileReference; lastKnownFileType = sourcecode.swift; path = ColorfulTests.swift; sourceTree = "<group>"; };
		9DE91AEE2578F6BF0079C7F4 /* Info.plist */ = {isa = PBXFileReference; lastKnownFileType = text.plist.xml; path = Info.plist; sourceTree = "<group>"; };
		9DE91AF32578F6BF0079C7F4 /* ColorfulUITests.xctest */ = {isa = PBXFileReference; explicitFileType = wrapper.cfbundle; includeInIndex = 0; path = ColorfulUITests.xctest; sourceTree = BUILT_PRODUCTS_DIR; };
		9DE91AF72578F6BF0079C7F4 /* ColorfulUITests.swift */ = {isa = PBXFileReference; lastKnownFileType = sourcecode.swift; path = ColorfulUITests.swift; sourceTree = "<group>"; };
		9DE91AF92578F6BF0079C7F4 /* Info.plist */ = {isa = PBXFileReference; lastKnownFileType = text.plist.xml; path = Info.plist; sourceTree = "<group>"; };
		9E5EA923A5C1F4D9AFB8653F /* Pods-ColorfulTests.release.xcconfig */ = {isa = PBXFileReference; includeInIndex = 1; lastKnownFileType = text.xcconfig; name = "Pods-ColorfulTests.release.xcconfig"; path = "Target Support Files/Pods-ColorfulTests/Pods-ColorfulTests.release.xcconfig"; sourceTree = "<group>"; };
		A95AD74E7F3D5B56172EEE38 /* Pods-ColorfulTests.debug.xcconfig */ = {isa = PBXFileReference; includeInIndex = 1; lastKnownFileType = text.xcconfig; name = "Pods-ColorfulTests.debug.xcconfig"; path = "Target Support Files/Pods-ColorfulTests/Pods-ColorfulTests.debug.xcconfig"; sourceTree = "<group>"; };
		FDC78702DEB293653EDD95E2 /* Pods_Colorful.framework */ = {isa = PBXFileReference; explicitFileType = wrapper.framework; includeInIndex = 0; path = Pods_Colorful.framework; sourceTree = BUILT_PRODUCTS_DIR; };
/* End PBXFileReference section */

/* Begin PBXFrameworksBuildPhase section */
		9DE91ACF2578F6BC0079C7F4 /* Frameworks */ = {
			isa = PBXFrameworksBuildPhase;
			buildActionMask = 2147483647;
			files = (
				B194089FC2F71573F1321A1F /* Pods_Colorful.framework in Frameworks */,
			);
			runOnlyForDeploymentPostprocessing = 0;
		};
		9DE91AE52578F6BF0079C7F4 /* Frameworks */ = {
			isa = PBXFrameworksBuildPhase;
			buildActionMask = 2147483647;
			files = (
				0943E2C4587BACD8C6F66692 /* Pods_ColorfulTests.framework in Frameworks */,
			);
			runOnlyForDeploymentPostprocessing = 0;
		};
		9DE91AF02578F6BF0079C7F4 /* Frameworks */ = {
			isa = PBXFrameworksBuildPhase;
			buildActionMask = 2147483647;
			files = (
				E87F220A84F6178982417327 /* Pods_Colorful_ColorfulUITests.framework in Frameworks */,
			);
			runOnlyForDeploymentPostprocessing = 0;
		};
/* End PBXFrameworksBuildPhase section */

/* Begin PBXGroup section */
		7DD3635930A4AFEC5EADCEE3 /* Frameworks */ = {
			isa = PBXGroup;
			children = (
				FDC78702DEB293653EDD95E2 /* Pods_Colorful.framework */,
				95523E7BC736F82813C1E8ED /* Pods_Colorful_ColorfulUITests.framework */,
				820518C9F6C61D34F8916663 /* Pods_ColorfulTests.framework */,
			);
			name = Frameworks;
			sourceTree = "<group>";
		};
		7F7444BC257BF694004BB2A2 /* Cells */ = {
			isa = PBXGroup;
			children = (
				7F7444D4257BF9C1004BB2A2 /* WritingCVC.swift */,
				7F7444D9257BF9D3004BB2A2 /* PictureCVC.swift */,
			);
			path = Cells;
			sourceTree = "<group>";
		};
		7F7444C0257BF6A1004BB2A2 /* Models */ = {
			isa = PBXGroup;
			children = (
			);
			path = Models;
			sourceTree = "<group>";
		};
		7F7444E6257C09EB004BB2A2 /* Writing */ = {
			isa = PBXGroup;
			children = (
				7F7444E8257C0A41004BB2A2 /* Cells */,
				7F7444E7257C0A38004BB2A2 /* Models */,
				7F7444E9257C0A47004BB2A2 /* ViewController */,
				7F7444EA257C0A52004BB2A2 /* Storyboard */,
			);
			path = Writing;
			sourceTree = "<group>";
		};
		7F7444E7257C0A38004BB2A2 /* Models */ = {
			isa = PBXGroup;
			children = (
			);
			path = Models;
			sourceTree = "<group>";
		};
		7F7444E8257C0A41004BB2A2 /* Cells */ = {
			isa = PBXGroup;
			children = (
				7FD538BA2581640F0034D9F0 /* CustomCell.swift */,
			);
			path = Cells;
			sourceTree = "<group>";
		};
		7F7444E9257C0A47004BB2A2 /* ViewController */ = {
			isa = PBXGroup;
			children = (
				7F7444FB257C0B40004BB2A2 /* WritingVC.swift */,
				7FD5395D25823AA80034D9F0 /* GenderVC.swift */,
				7FD5395825823A840034D9F0 /* AgeVC.swift */,
				7FD5395325823A690034D9F0 /* AllVC.swift */,
			);
			path = ViewController;
			sourceTree = "<group>";
		};
		7F7444EA257C0A52004BB2A2 /* Storyboard */ = {
			isa = PBXGroup;
			children = (
				7F7444EB257C0AE6004BB2A2 /* Writing.storyboard */,
			);
			path = Storyboard;
			sourceTree = "<group>";
		};
		7F744500257C0B94004BB2A2 /* TabBar */ = {
			isa = PBXGroup;
			children = (
				9D5F9F382582AA3200742F22 /* ViewController */,
				9D5F9F1C2582A32E00742F22 /* Storyboard */,
			);
			path = TabBar;
			sourceTree = "<group>";
		};
		7F74451F25812403004BB2A2 /* Models */ = {
			isa = PBXGroup;
			children = (
				7F74453825812856004BB2A2 /* HomePostData.swift */,
			);
			path = Models;
			sourceTree = "<group>";
		};
		7F7445202581240E004BB2A2 /* Services */ = {
			isa = PBXGroup;
			children = (
				7F74452125812452004BB2A2 /* APIConstants.swift */,
				9D94A8DE2586A0DC00E333FF /* ResponseData.swift */,
				7F74452925812517004BB2A2 /* NetworkResult.swift */,
				9D382005258695F600BC3C4F /* API */,
			);
			path = Services;
			sourceTree = "<group>";
		};
		7FD5393425818BE40034D9F0 /* Extensions */ = {
			isa = PBXGroup;
			children = (
				7FD5393525818BFC0034D9F0 /* UIColor.swift */,
			);
			path = Extensions;
			sourceTree = "<group>";
		};
		7FD5397B25824A010034D9F0 /* Post */ = {
			isa = PBXGroup;
			children = (
				7FD5397F25824A3A0034D9F0 /* Models */,
				7FD5397E25824A2E0034D9F0 /* Cells */,
				7FD5397D25824A200034D9F0 /* ViewController */,
				7FD5397C25824A180034D9F0 /* Storyboard */,
			);
			path = Post;
			sourceTree = "<group>";
		};
		7FD5397C25824A180034D9F0 /* Storyboard */ = {
			isa = PBXGroup;
			children = (
				7FD5398025824A490034D9F0 /* Post.storyboard */,
			);
			path = Storyboard;
			sourceTree = "<group>";
		};
		7FD5397D25824A200034D9F0 /* ViewController */ = {
			isa = PBXGroup;
			children = (
				7FD5398525824A570034D9F0 /* PostVC.swift */,
			);
			path = ViewController;
			sourceTree = "<group>";
		};
		7FD5397E25824A2E0034D9F0 /* Cells */ = {
			isa = PBXGroup;
			children = (
			);
			path = Cells;
			sourceTree = "<group>";
		};
		7FD5397F25824A3A0034D9F0 /* Models */ = {
			isa = PBXGroup;
			children = (
			);
			path = Models;
			sourceTree = "<group>";
		};
		9D382005258695F600BC3C4F /* API */ = {
			isa = PBXGroup;
			children = (
				9D3820212586978700BC3C4F /* Signin */,
				9D94A9002586AA3300E333FF /* Signup */,
			);
			path = API;
			sourceTree = "<group>";
		};
		9D38200E2586962A00BC3C4F /* Util */ = {
			isa = PBXGroup;
			children = (
				9D38200F2586964000BC3C4F /* UserdefaultKey.swift */,
			);
			path = Util;
			sourceTree = "<group>";
		};
		9D3820212586978700BC3C4F /* Signin */ = {
			isa = PBXGroup;
			children = (
				9D3820062586960700BC3C4F /* SigninService.swift */,
			);
			path = Signin;
			sourceTree = "<group>";
		};
		9D5F9EA52582795E00742F22 /* Mypage */ = {
			isa = PBXGroup;
			children = (
				9D5F9EA82582795E00742F22 /* Storyboard */,
				9D5F9EAE2582795E00742F22 /* ViewController */,
				9D5F9EA62582795E00742F22 /* CollectionView */,
			);
			path = Mypage;
			sourceTree = "<group>";
		};
		9D5F9EA62582795E00742F22 /* CollectionView */ = {
			isa = PBXGroup;
			children = (
				9D5F9EDF258279B000742F22 /* PostCell.swift */,
				9D5F9EFE258289B000742F22 /* PictureCell.swift */,
				9D5F9F0B25829CAF00742F22 /* LikeCell.swift */,
				9D5F9F062582993A00742F22 /* AuthorCell.swift */,
			);
			path = CollectionView;
			sourceTree = "<group>";
		};
		9D5F9EA82582795E00742F22 /* Storyboard */ = {
			isa = PBXGroup;
			children = (
				9D5F9ED3258279A200742F22 /* Mypage.storyboard */,
				9D5F9ED5258279A200742F22 /* Mypost.storyboard */,
				9D5F9ED4258279A200742F22 /* Mypicture.storyboard */,
				9D5F9ED2258279A200742F22 /* Like.storyboard */,
				9D5F9ED6258279A200742F22 /* Author.storyboard */,
			);
			path = Storyboard;
			sourceTree = "<group>";
		};
		9D5F9EAE2582795E00742F22 /* ViewController */ = {
			isa = PBXGroup;
			children = (
				9D5F9EC72582799900742F22 /* MyPageVC.swift */,
				9D5F9EC82582799900742F22 /* MypostVC.swift */,
				9D5F9EC92582799900742F22 /* LikeVC.swift */,
				9D5F9ECA2582799900742F22 /* MypictureVC.swift */,
				9D5F9EC22582798B00742F22 /* AuthorVC.swift */,
			);
			path = ViewController;
			sourceTree = "<group>";
		};
		9D5F9F1C2582A32E00742F22 /* Storyboard */ = {
			isa = PBXGroup;
			children = (
				9D5F9F1D2582A33C00742F22 /* Tabbar.storyboard */,
			);
			path = Storyboard;
			sourceTree = "<group>";
		};
		9D5F9F222582A6F500742F22 /* Content */ = {
			isa = PBXGroup;
			children = (
				9D5F9F282582A70A00742F22 /* Storyboard */,
				9D5F9F292582A71000742F22 /* ViewController */,
				9D5F9F472582BA9800742F22 /* CollectionView */,
			);
			path = Content;
			sourceTree = "<group>";
		};
		9D5F9F282582A70A00742F22 /* Storyboard */ = {
			isa = PBXGroup;
			children = (
				9D5F9F232582A70700742F22 /* Content.storyboard */,
				9D84F48B25866EA900BCE51D /* ContentDetail.storyboard */,
			);
			path = Storyboard;
			sourceTree = "<group>";
		};
		9D5F9F292582A71000742F22 /* ViewController */ = {
			isa = PBXGroup;
			children = (
				9D5F9F2A2582A72B00742F22 /* ContentVC.swift */,
				9D84F49025866F4100BCE51D /* ContentDetailVC.swift */,
			);
			path = ViewController;
			sourceTree = "<group>";
		};
		9D5F9F382582AA3200742F22 /* ViewController */ = {
			isa = PBXGroup;
			children = (
				9D5F9F392582AA4C00742F22 /* TabbarVC.swift */,
			);
			path = ViewController;
			sourceTree = "<group>";
		};
		9D5F9F472582BA9800742F22 /* CollectionView */ = {
			isa = PBXGroup;
			children = (
				9D5F9F482582BABE00742F22 /* CarouselLayout.swift */,
				9D5F9F4D2582C06F00742F22 /* ContentCell.swift */,
				9D84F4952586756E00BCE51D /* ComentCell.swift */,
			);
			path = CollectionView;
			sourceTree = "<group>";
		};
		9D6099DA25868D5E00BB56BA /* Signin */ = {
			isa = PBXGroup;
			children = (
				9D6099DE25868D6400BB56BA /* Storyboard */,
				9D6099DF25868D6900BB56BA /* ViewController */,
			);
			path = Signin;
			sourceTree = "<group>";
		};
		9D6099DE25868D6400BB56BA /* Storyboard */ = {
			isa = PBXGroup;
			children = (
				9D6099D525868D5500BB56BA /* Signin.storyboard */,
			);
			path = Storyboard;
			sourceTree = "<group>";
		};
		9D6099DF25868D6900BB56BA /* ViewController */ = {
			isa = PBXGroup;
			children = (
				9D6099E025868D7D00BB56BA /* SigninVC.swift */,
			);
			path = ViewController;
			sourceTree = "<group>";
		};
		9D94A9002586AA3300E333FF /* Signup */ = {
			isa = PBXGroup;
			children = (
				9D94A9012586AA4200E333FF /* SignupService.swift */,
			);
			path = Signup;
			sourceTree = "<group>";
		};
		9DB0EE5A25869AE60078390B /* Signup */ = {
			isa = PBXGroup;
			children = (
				9DB0EE5B25869AEA0078390B /* Storyboard */,
				9DB0EE5C25869AF20078390B /* ViewController */,
			);
			path = Signup;
			sourceTree = "<group>";
		};
		9DB0EE5B25869AEA0078390B /* Storyboard */ = {
			isa = PBXGroup;
			children = (
				9DB0EE5D25869B040078390B /* Signup.storyboard */,
			);
			path = Storyboard;
			sourceTree = "<group>";
		};
		9DB0EE5C25869AF20078390B /* ViewController */ = {
			isa = PBXGroup;
			children = (
				9DB0EE6525869B330078390B /* SignupVC.swift */,
			);
			path = ViewController;
			sourceTree = "<group>";
		};
		9DE91AC92578F6BB0079C7F4 = {
			isa = PBXGroup;
			children = (
				9DE91AD42578F6BC0079C7F4 /* Colorful */,
				9DE91AEB2578F6BF0079C7F4 /* ColorfulTests */,
				9DE91AF62578F6BF0079C7F4 /* ColorfulUITests */,
				9DE91AD32578F6BC0079C7F4 /* Products */,
				D8F4807A68A3422B900CD7AE /* Pods */,
				7DD3635930A4AFEC5EADCEE3 /* Frameworks */,
			);
			sourceTree = "<group>";
		};
		9DE91AD32578F6BC0079C7F4 /* Products */ = {
			isa = PBXGroup;
			children = (
				9DE91AD22578F6BC0079C7F4 /* Colorful.app */,
				9DE91AE82578F6BF0079C7F4 /* ColorfulTests.xctest */,
				9DE91AF32578F6BF0079C7F4 /* ColorfulUITests.xctest */,
			);
			name = Products;
			sourceTree = "<group>";
		};
		9DE91AD42578F6BC0079C7F4 /* Colorful */ = {
			isa = PBXGroup;
			children = (
				9DE91B0F2578F7CB0079C7F4 /* Resources */,
				9DE91B0B2578F7C30079C7F4 /* Sources */,
				9DE91AE32578F6BF0079C7F4 /* Info.plist */,
			);
			path = Colorful;
			sourceTree = "<group>";
		};
		9DE91AEB2578F6BF0079C7F4 /* ColorfulTests */ = {
			isa = PBXGroup;
			children = (
				9DE91AEC2578F6BF0079C7F4 /* ColorfulTests.swift */,
				9DE91AEE2578F6BF0079C7F4 /* Info.plist */,
			);
			path = ColorfulTests;
			sourceTree = "<group>";
		};
		9DE91AF62578F6BF0079C7F4 /* ColorfulUITests */ = {
			isa = PBXGroup;
			children = (
				9DE91AF72578F6BF0079C7F4 /* ColorfulUITests.swift */,
				9DE91AF92578F6BF0079C7F4 /* Info.plist */,
			);
			path = ColorfulUITests;
			sourceTree = "<group>";
		};
		9DE91B0B2578F7C30079C7F4 /* Sources */ = {
			isa = PBXGroup;
			children = (
				9DE91AD52578F6BC0079C7F4 /* AppDelegate.swift */,
				9DE91AD72578F6BC0079C7F4 /* SceneDelegate.swift */,
				9D38200E2586962A00BC3C4F /* Util */,
				9DE91B132578F8640079C7F4 /* Scene */,
			);
			path = Sources;
			sourceTree = "<group>";
		};
		9DE91B0F2578F7CB0079C7F4 /* Resources */ = {
			isa = PBXGroup;
			children = (
				7FD5393425818BE40034D9F0 /* Extensions */,
				7F7445202581240E004BB2A2 /* Services */,
				7F74451F25812403004BB2A2 /* Models */,
				9DE91ADE2578F6BF0079C7F4 /* Assets.xcassets */,
			);
			path = Resources;
			sourceTree = "<group>";
		};
		9DE91B132578F8640079C7F4 /* Scene */ = {
			isa = PBXGroup;
			children = (
				9DB0EE5A25869AE60078390B /* Signup */,
				9D6099DA25868D5E00BB56BA /* Signin */,
				7F744500257C0B94004BB2A2 /* TabBar */,
				9DE91B1A2578F88E0079C7F4 /* Home */,
				7F7444E6257C09EB004BB2A2 /* Writing */,
				7FD5397B25824A010034D9F0 /* Post */,
				9D5F9F222582A6F500742F22 /* Content */,
				9D5F9EA52582795E00742F22 /* Mypage */,
				9DE91B1D2578F8BA0079C7F4 /* Splash */,
			);
			path = Scene;
			sourceTree = "<group>";
		};
		9DE91B1A2578F88E0079C7F4 /* Home */ = {
			isa = PBXGroup;
			children = (
				7F7444C0257BF6A1004BB2A2 /* Models */,
				7F7444BC257BF694004BB2A2 /* Cells */,
				9DE91B1C2578F8A00079C7F4 /* ViewController */,
				9DE91B1B2578F8990079C7F4 /* Storyboard */,
			);
			path = Home;
			sourceTree = "<group>";
		};
		9DE91B1B2578F8990079C7F4 /* Storyboard */ = {
			isa = PBXGroup;
			children = (
				9DE91ADB2578F6BC0079C7F4 /* Main.storyboard */,
			);
			path = Storyboard;
			sourceTree = "<group>";
		};
		9DE91B1C2578F8A00079C7F4 /* ViewController */ = {
			isa = PBXGroup;
			children = (
				7F7444AD257ABC95004BB2A2 /* MainVC.swift */,
			);
			path = ViewController;
			sourceTree = "<group>";
		};
		9DE91B1D2578F8BA0079C7F4 /* Splash */ = {
			isa = PBXGroup;
			children = (
				9DE91AE02578F6BF0079C7F4 /* LaunchScreen.storyboard */,
			);
			path = Splash;
			sourceTree = "<group>";
		};
		D8F4807A68A3422B900CD7AE /* Pods */ = {
			isa = PBXGroup;
			children = (
				1532B31DD479B1E00A531633 /* Pods-Colorful.debug.xcconfig */,
				0962F63CB137ED2AA7DF808B /* Pods-Colorful.release.xcconfig */,
				9D61E95A9B7E972464983A11 /* Pods-Colorful-ColorfulUITests.debug.xcconfig */,
				73B272007F05D401F90740CD /* Pods-Colorful-ColorfulUITests.release.xcconfig */,
				A95AD74E7F3D5B56172EEE38 /* Pods-ColorfulTests.debug.xcconfig */,
				9E5EA923A5C1F4D9AFB8653F /* Pods-ColorfulTests.release.xcconfig */,
			);
			path = Pods;
			sourceTree = "<group>";
		};
/* End PBXGroup section */

/* Begin PBXNativeTarget section */
		9DE91AD12578F6BC0079C7F4 /* Colorful */ = {
			isa = PBXNativeTarget;
			buildConfigurationList = 9DE91AFC2578F6BF0079C7F4 /* Build configuration list for PBXNativeTarget "Colorful" */;
			buildPhases = (
				E4CD0D2AFC13911F531B96C5 /* [CP] Check Pods Manifest.lock */,
				9DE91ACE2578F6BC0079C7F4 /* Sources */,
				9DE91ACF2578F6BC0079C7F4 /* Frameworks */,
				9DE91AD02578F6BC0079C7F4 /* Resources */,
				E9ADE46E86597448AFEF1159 /* [CP] Embed Pods Frameworks */,
			);
			buildRules = (
			);
			dependencies = (
			);
			name = Colorful;
			productName = Colorful;
			productReference = 9DE91AD22578F6BC0079C7F4 /* Colorful.app */;
			productType = "com.apple.product-type.application";
		};
		9DE91AE72578F6BF0079C7F4 /* ColorfulTests */ = {
			isa = PBXNativeTarget;
			buildConfigurationList = 9DE91AFF2578F6BF0079C7F4 /* Build configuration list for PBXNativeTarget "ColorfulTests" */;
			buildPhases = (
				2D8D550AE0391024F16E2173 /* [CP] Check Pods Manifest.lock */,
				9DE91AE42578F6BF0079C7F4 /* Sources */,
				9DE91AE52578F6BF0079C7F4 /* Frameworks */,
				9DE91AE62578F6BF0079C7F4 /* Resources */,
			);
			buildRules = (
			);
			dependencies = (
				9DE91AEA2578F6BF0079C7F4 /* PBXTargetDependency */,
			);
			name = ColorfulTests;
			productName = ColorfulTests;
			productReference = 9DE91AE82578F6BF0079C7F4 /* ColorfulTests.xctest */;
			productType = "com.apple.product-type.bundle.unit-test";
		};
		9DE91AF22578F6BF0079C7F4 /* ColorfulUITests */ = {
			isa = PBXNativeTarget;
			buildConfigurationList = 9DE91B022578F6BF0079C7F4 /* Build configuration list for PBXNativeTarget "ColorfulUITests" */;
			buildPhases = (
				3F65E2B427B39722E2B3C67C /* [CP] Check Pods Manifest.lock */,
				9DE91AEF2578F6BF0079C7F4 /* Sources */,
				9DE91AF02578F6BF0079C7F4 /* Frameworks */,
				9DE91AF12578F6BF0079C7F4 /* Resources */,
				EFA5CD00B3876AD9DC41F47D /* [CP] Embed Pods Frameworks */,
			);
			buildRules = (
			);
			dependencies = (
				9DE91AF52578F6BF0079C7F4 /* PBXTargetDependency */,
			);
			name = ColorfulUITests;
			productName = ColorfulUITests;
			productReference = 9DE91AF32578F6BF0079C7F4 /* ColorfulUITests.xctest */;
			productType = "com.apple.product-type.bundle.ui-testing";
		};
/* End PBXNativeTarget section */

/* Begin PBXProject section */
		9DE91ACA2578F6BB0079C7F4 /* Project object */ = {
			isa = PBXProject;
			attributes = {
				LastSwiftUpdateCheck = 1210;
				LastUpgradeCheck = 1210;
				TargetAttributes = {
					9DE91AD12578F6BC0079C7F4 = {
						CreatedOnToolsVersion = 12.1;
					};
					9DE91AE72578F6BF0079C7F4 = {
						CreatedOnToolsVersion = 12.1;
						TestTargetID = 9DE91AD12578F6BC0079C7F4;
					};
					9DE91AF22578F6BF0079C7F4 = {
						CreatedOnToolsVersion = 12.1;
						TestTargetID = 9DE91AD12578F6BC0079C7F4;
					};
				};
			};
			buildConfigurationList = 9DE91ACD2578F6BB0079C7F4 /* Build configuration list for PBXProject "Colorful" */;
			compatibilityVersion = "Xcode 9.3";
			developmentRegion = en;
			hasScannedForEncodings = 0;
			knownRegions = (
				en,
				Base,
			);
			mainGroup = 9DE91AC92578F6BB0079C7F4;
			productRefGroup = 9DE91AD32578F6BC0079C7F4 /* Products */;
			projectDirPath = "";
			projectRoot = "";
			targets = (
				9DE91AD12578F6BC0079C7F4 /* Colorful */,
				9DE91AE72578F6BF0079C7F4 /* ColorfulTests */,
				9DE91AF22578F6BF0079C7F4 /* ColorfulUITests */,
			);
		};
/* End PBXProject section */

/* Begin PBXResourcesBuildPhase section */
		9DE91AD02578F6BC0079C7F4 /* Resources */ = {
			isa = PBXResourcesBuildPhase;
			buildActionMask = 2147483647;
			files = (
				9DE91AE22578F6BF0079C7F4 /* LaunchScreen.storyboard in Resources */,
				9D5F9ED7258279A200742F22 /* Like.storyboard in Resources */,
				9D6099D625868D5500BB56BA /* Signin.storyboard in Resources */,
				7F7444EC257C0AE6004BB2A2 /* Writing.storyboard in Resources */,
				9D5F9EDB258279A200742F22 /* Author.storyboard in Resources */,
				9DE91ADF2578F6BF0079C7F4 /* Assets.xcassets in Resources */,
				9D5F9ED8258279A200742F22 /* Mypage.storyboard in Resources */,
				9D5F9EDA258279A200742F22 /* Mypost.storyboard in Resources */,
				9D5F9F1E2582A33C00742F22 /* Tabbar.storyboard in Resources */,
				9D5F9F242582A70700742F22 /* Content.storyboard in Resources */,
				7FD5398125824A490034D9F0 /* Post.storyboard in Resources */,
				9DE91ADD2578F6BC0079C7F4 /* Main.storyboard in Resources */,
				9D84F48C25866EA900BCE51D /* ContentDetail.storyboard in Resources */,
				9DB0EE5E25869B040078390B /* Signup.storyboard in Resources */,
				9D5F9ED9258279A200742F22 /* Mypicture.storyboard in Resources */,
			);
			runOnlyForDeploymentPostprocessing = 0;
		};
		9DE91AE62578F6BF0079C7F4 /* Resources */ = {
			isa = PBXResourcesBuildPhase;
			buildActionMask = 2147483647;
			files = (
			);
			runOnlyForDeploymentPostprocessing = 0;
		};
		9DE91AF12578F6BF0079C7F4 /* Resources */ = {
			isa = PBXResourcesBuildPhase;
			buildActionMask = 2147483647;
			files = (
			);
			runOnlyForDeploymentPostprocessing = 0;
		};
/* End PBXResourcesBuildPhase section */

/* Begin PBXShellScriptBuildPhase section */
		2D8D550AE0391024F16E2173 /* [CP] Check Pods Manifest.lock */ = {
			isa = PBXShellScriptBuildPhase;
			buildActionMask = 2147483647;
			files = (
			);
			inputFileListPaths = (
			);
			inputPaths = (
				"${PODS_PODFILE_DIR_PATH}/Podfile.lock",
				"${PODS_ROOT}/Manifest.lock",
			);
			name = "[CP] Check Pods Manifest.lock";
			outputFileListPaths = (
			);
			outputPaths = (
				"$(DERIVED_FILE_DIR)/Pods-ColorfulTests-checkManifestLockResult.txt",
			);
			runOnlyForDeploymentPostprocessing = 0;
			shellPath = /bin/sh;
			shellScript = "diff \"${PODS_PODFILE_DIR_PATH}/Podfile.lock\" \"${PODS_ROOT}/Manifest.lock\" > /dev/null\nif [ $? != 0 ] ; then\n    # print error to STDERR\n    echo \"error: The sandbox is not in sync with the Podfile.lock. Run 'pod install' or update your CocoaPods installation.\" >&2\n    exit 1\nfi\n# This output is used by Xcode 'outputs' to avoid re-running this script phase.\necho \"SUCCESS\" > \"${SCRIPT_OUTPUT_FILE_0}\"\n";
			showEnvVarsInLog = 0;
		};
		3F65E2B427B39722E2B3C67C /* [CP] Check Pods Manifest.lock */ = {
			isa = PBXShellScriptBuildPhase;
			buildActionMask = 2147483647;
			files = (
			);
			inputFileListPaths = (
			);
			inputPaths = (
				"${PODS_PODFILE_DIR_PATH}/Podfile.lock",
				"${PODS_ROOT}/Manifest.lock",
			);
			name = "[CP] Check Pods Manifest.lock";
			outputFileListPaths = (
			);
			outputPaths = (
				"$(DERIVED_FILE_DIR)/Pods-Colorful-ColorfulUITests-checkManifestLockResult.txt",
			);
			runOnlyForDeploymentPostprocessing = 0;
			shellPath = /bin/sh;
			shellScript = "diff \"${PODS_PODFILE_DIR_PATH}/Podfile.lock\" \"${PODS_ROOT}/Manifest.lock\" > /dev/null\nif [ $? != 0 ] ; then\n    # print error to STDERR\n    echo \"error: The sandbox is not in sync with the Podfile.lock. Run 'pod install' or update your CocoaPods installation.\" >&2\n    exit 1\nfi\n# This output is used by Xcode 'outputs' to avoid re-running this script phase.\necho \"SUCCESS\" > \"${SCRIPT_OUTPUT_FILE_0}\"\n";
			showEnvVarsInLog = 0;
		};
		E4CD0D2AFC13911F531B96C5 /* [CP] Check Pods Manifest.lock */ = {
			isa = PBXShellScriptBuildPhase;
			buildActionMask = 2147483647;
			files = (
			);
			inputFileListPaths = (
			);
			inputPaths = (
				"${PODS_PODFILE_DIR_PATH}/Podfile.lock",
				"${PODS_ROOT}/Manifest.lock",
			);
			name = "[CP] Check Pods Manifest.lock";
			outputFileListPaths = (
			);
			outputPaths = (
				"$(DERIVED_FILE_DIR)/Pods-Colorful-checkManifestLockResult.txt",
			);
			runOnlyForDeploymentPostprocessing = 0;
			shellPath = /bin/sh;
			shellScript = "diff \"${PODS_PODFILE_DIR_PATH}/Podfile.lock\" \"${PODS_ROOT}/Manifest.lock\" > /dev/null\nif [ $? != 0 ] ; then\n    # print error to STDERR\n    echo \"error: The sandbox is not in sync with the Podfile.lock. Run 'pod install' or update your CocoaPods installation.\" >&2\n    exit 1\nfi\n# This output is used by Xcode 'outputs' to avoid re-running this script phase.\necho \"SUCCESS\" > \"${SCRIPT_OUTPUT_FILE_0}\"\n";
			showEnvVarsInLog = 0;
		};
		E9ADE46E86597448AFEF1159 /* [CP] Embed Pods Frameworks */ = {
			isa = PBXShellScriptBuildPhase;
			buildActionMask = 2147483647;
			files = (
			);
			inputFileListPaths = (
				"${PODS_ROOT}/Target Support Files/Pods-Colorful/Pods-Colorful-frameworks-${CONFIGURATION}-input-files.xcfilelist",
			);
			name = "[CP] Embed Pods Frameworks";
			outputFileListPaths = (
				"${PODS_ROOT}/Target Support Files/Pods-Colorful/Pods-Colorful-frameworks-${CONFIGURATION}-output-files.xcfilelist",
			);
			runOnlyForDeploymentPostprocessing = 0;
			shellPath = /bin/sh;
			shellScript = "\"${PODS_ROOT}/Target Support Files/Pods-Colorful/Pods-Colorful-frameworks.sh\"\n";
			showEnvVarsInLog = 0;
		};
		EFA5CD00B3876AD9DC41F47D /* [CP] Embed Pods Frameworks */ = {
			isa = PBXShellScriptBuildPhase;
			buildActionMask = 2147483647;
			files = (
			);
			inputFileListPaths = (
				"${PODS_ROOT}/Target Support Files/Pods-Colorful-ColorfulUITests/Pods-Colorful-ColorfulUITests-frameworks-${CONFIGURATION}-input-files.xcfilelist",
			);
			name = "[CP] Embed Pods Frameworks";
			outputFileListPaths = (
				"${PODS_ROOT}/Target Support Files/Pods-Colorful-ColorfulUITests/Pods-Colorful-ColorfulUITests-frameworks-${CONFIGURATION}-output-files.xcfilelist",
			);
			runOnlyForDeploymentPostprocessing = 0;
			shellPath = /bin/sh;
			shellScript = "\"${PODS_ROOT}/Target Support Files/Pods-Colorful-ColorfulUITests/Pods-Colorful-ColorfulUITests-frameworks.sh\"\n";
			showEnvVarsInLog = 0;
		};
/* End PBXShellScriptBuildPhase section */

/* Begin PBXSourcesBuildPhase section */
		9DE91ACE2578F6BC0079C7F4 /* Sources */ = {
			isa = PBXSourcesBuildPhase;
			buildActionMask = 2147483647;
			files = (
				9DE91AD62578F6BC0079C7F4 /* AppDelegate.swift in Sources */,
				7FD5398625824A570034D9F0 /* PostVC.swift in Sources */,
				9D5F9F3A2582AA4C00742F22 /* TabbarVC.swift in Sources */,
				7FD5393625818BFC0034D9F0 /* UIColor.swift in Sources */,
				7FD538BC2581640F0034D9F0 /* CustomCell.swift in Sources */,
				9D5F9ECD2582799900742F22 /* LikeVC.swift in Sources */,
				9D3820072586960700BC3C4F /* SigninService.swift in Sources */,
				9D5F9EC32582798B00742F22 /* AuthorVC.swift in Sources */,
				9D5F9ECC2582799900742F22 /* MypostVC.swift in Sources */,
				9D5F9EFF258289B000742F22 /* PictureCell.swift in Sources */,
				9D6099E125868D7D00BB56BA /* SigninVC.swift in Sources */,
				7F7444AE257ABC95004BB2A2 /* MainVC.swift in Sources */,
				9D94A9022586AA4200E333FF /* SignupService.swift in Sources */,
				7FD5395925823A840034D9F0 /* AgeVC.swift in Sources */,
				7F74453925812856004BB2A2 /* HomePostData.swift in Sources */,
				7FD5395425823A690034D9F0 /* AllVC.swift in Sources */,
				7F74452A25812517004BB2A2 /* NetworkResult.swift in Sources */,
				9DE91AD82578F6BC0079C7F4 /* SceneDelegate.swift in Sources */,
				9DB0EE6625869B330078390B /* SignupVC.swift in Sources */,
				9D84F4962586756E00BCE51D /* ComentCell.swift in Sources */,
				9D5F9F072582993A00742F22 /* AuthorCell.swift in Sources */,
				7F74452225812452004BB2A2 /* APIConstants.swift in Sources */,
				7F7444FC257C0B40004BB2A2 /* WritingVC.swift in Sources */,
				7F7444DA257BF9D3004BB2A2 /* PictureCVC.swift in Sources */,
				9D5F9F0C25829CAF00742F22 /* LikeCell.swift in Sources */,
				9D3820102586964000BC3C4F /* UserdefaultKey.swift in Sources */,
				9D5F9ECE2582799900742F22 /* MypictureVC.swift in Sources */,
				9D5F9ECB2582799900742F22 /* MyPageVC.swift in Sources */,
				9D5F9F2B2582A72B00742F22 /* ContentVC.swift in Sources */,
				7F7444D5257BF9C1004BB2A2 /* WritingCVC.swift in Sources */,
				9D5F9F492582BABF00742F22 /* CarouselLayout.swift in Sources */,
				9D84F49125866F4100BCE51D /* ContentDetailVC.swift in Sources */,
				9D5F9F4E2582C06F00742F22 /* ContentCell.swift in Sources */,
				7FD5395E25823AA80034D9F0 /* GenderVC.swift in Sources */,
				9D5F9EE0258279B000742F22 /* PostCell.swift in Sources */,
				9D94A8DF2586A0DC00E333FF /* ResponseData.swift in Sources */,
			);
			runOnlyForDeploymentPostprocessing = 0;
		};
		9DE91AE42578F6BF0079C7F4 /* Sources */ = {
			isa = PBXSourcesBuildPhase;
			buildActionMask = 2147483647;
			files = (
				9DE91AED2578F6BF0079C7F4 /* ColorfulTests.swift in Sources */,
			);
			runOnlyForDeploymentPostprocessing = 0;
		};
		9DE91AEF2578F6BF0079C7F4 /* Sources */ = {
			isa = PBXSourcesBuildPhase;
			buildActionMask = 2147483647;
			files = (
				9DE91AF82578F6BF0079C7F4 /* ColorfulUITests.swift in Sources */,
			);
			runOnlyForDeploymentPostprocessing = 0;
		};
/* End PBXSourcesBuildPhase section */

/* Begin PBXTargetDependency section */
		9DE91AEA2578F6BF0079C7F4 /* PBXTargetDependency */ = {
			isa = PBXTargetDependency;
			target = 9DE91AD12578F6BC0079C7F4 /* Colorful */;
			targetProxy = 9DE91AE92578F6BF0079C7F4 /* PBXContainerItemProxy */;
		};
		9DE91AF52578F6BF0079C7F4 /* PBXTargetDependency */ = {
			isa = PBXTargetDependency;
			target = 9DE91AD12578F6BC0079C7F4 /* Colorful */;
			targetProxy = 9DE91AF42578F6BF0079C7F4 /* PBXContainerItemProxy */;
		};
/* End PBXTargetDependency section */

/* Begin PBXVariantGroup section */
		9DE91ADB2578F6BC0079C7F4 /* Main.storyboard */ = {
			isa = PBXVariantGroup;
			children = (
				9DE91ADC2578F6BC0079C7F4 /* Base */,
			);
			name = Main.storyboard;
			sourceTree = "<group>";
		};
		9DE91AE02578F6BF0079C7F4 /* LaunchScreen.storyboard */ = {
			isa = PBXVariantGroup;
			children = (
				9DE91AE12578F6BF0079C7F4 /* Base */,
			);
			name = LaunchScreen.storyboard;
			sourceTree = "<group>";
		};
/* End PBXVariantGroup section */

/* Begin XCBuildConfiguration section */
		9DE91AFA2578F6BF0079C7F4 /* Debug */ = {
			isa = XCBuildConfiguration;
			buildSettings = {
				ALWAYS_SEARCH_USER_PATHS = NO;
				CLANG_ANALYZER_NONNULL = YES;
				CLANG_ANALYZER_NUMBER_OBJECT_CONVERSION = YES_AGGRESSIVE;
				CLANG_CXX_LANGUAGE_STANDARD = "gnu++14";
				CLANG_CXX_LIBRARY = "libc++";
				CLANG_ENABLE_MODULES = YES;
				CLANG_ENABLE_OBJC_ARC = YES;
				CLANG_ENABLE_OBJC_WEAK = YES;
				CLANG_WARN_BLOCK_CAPTURE_AUTORELEASING = YES;
				CLANG_WARN_BOOL_CONVERSION = YES;
				CLANG_WARN_COMMA = YES;
				CLANG_WARN_CONSTANT_CONVERSION = YES;
				CLANG_WARN_DEPRECATED_OBJC_IMPLEMENTATIONS = YES;
				CLANG_WARN_DIRECT_OBJC_ISA_USAGE = YES_ERROR;
				CLANG_WARN_DOCUMENTATION_COMMENTS = YES;
				CLANG_WARN_EMPTY_BODY = YES;
				CLANG_WARN_ENUM_CONVERSION = YES;
				CLANG_WARN_INFINITE_RECURSION = YES;
				CLANG_WARN_INT_CONVERSION = YES;
				CLANG_WARN_NON_LITERAL_NULL_CONVERSION = YES;
				CLANG_WARN_OBJC_IMPLICIT_RETAIN_SELF = YES;
				CLANG_WARN_OBJC_LITERAL_CONVERSION = YES;
				CLANG_WARN_OBJC_ROOT_CLASS = YES_ERROR;
				CLANG_WARN_QUOTED_INCLUDE_IN_FRAMEWORK_HEADER = YES;
				CLANG_WARN_RANGE_LOOP_ANALYSIS = YES;
				CLANG_WARN_STRICT_PROTOTYPES = YES;
				CLANG_WARN_SUSPICIOUS_MOVE = YES;
				CLANG_WARN_UNGUARDED_AVAILABILITY = YES_AGGRESSIVE;
				CLANG_WARN_UNREACHABLE_CODE = YES;
				CLANG_WARN__DUPLICATE_METHOD_MATCH = YES;
				COPY_PHASE_STRIP = NO;
				DEBUG_INFORMATION_FORMAT = dwarf;
				ENABLE_STRICT_OBJC_MSGSEND = YES;
				ENABLE_TESTABILITY = YES;
				GCC_C_LANGUAGE_STANDARD = gnu11;
				GCC_DYNAMIC_NO_PIC = NO;
				GCC_NO_COMMON_BLOCKS = YES;
				GCC_OPTIMIZATION_LEVEL = 0;
				GCC_PREPROCESSOR_DEFINITIONS = (
					"DEBUG=1",
					"$(inherited)",
				);
				GCC_WARN_64_TO_32_BIT_CONVERSION = YES;
				GCC_WARN_ABOUT_RETURN_TYPE = YES_ERROR;
				GCC_WARN_UNDECLARED_SELECTOR = YES;
				GCC_WARN_UNINITIALIZED_AUTOS = YES_AGGRESSIVE;
				GCC_WARN_UNUSED_FUNCTION = YES;
				GCC_WARN_UNUSED_VARIABLE = YES;
				IPHONEOS_DEPLOYMENT_TARGET = 13.0;
				MTL_ENABLE_DEBUG_INFO = INCLUDE_SOURCE;
				MTL_FAST_MATH = YES;
				ONLY_ACTIVE_ARCH = YES;
				SDKROOT = iphoneos;
				SWIFT_ACTIVE_COMPILATION_CONDITIONS = DEBUG;
				SWIFT_OPTIMIZATION_LEVEL = "-Onone";
			};
			name = Debug;
		};
		9DE91AFB2578F6BF0079C7F4 /* Release */ = {
			isa = XCBuildConfiguration;
			buildSettings = {
				ALWAYS_SEARCH_USER_PATHS = NO;
				CLANG_ANALYZER_NONNULL = YES;
				CLANG_ANALYZER_NUMBER_OBJECT_CONVERSION = YES_AGGRESSIVE;
				CLANG_CXX_LANGUAGE_STANDARD = "gnu++14";
				CLANG_CXX_LIBRARY = "libc++";
				CLANG_ENABLE_MODULES = YES;
				CLANG_ENABLE_OBJC_ARC = YES;
				CLANG_ENABLE_OBJC_WEAK = YES;
				CLANG_WARN_BLOCK_CAPTURE_AUTORELEASING = YES;
				CLANG_WARN_BOOL_CONVERSION = YES;
				CLANG_WARN_COMMA = YES;
				CLANG_WARN_CONSTANT_CONVERSION = YES;
				CLANG_WARN_DEPRECATED_OBJC_IMPLEMENTATIONS = YES;
				CLANG_WARN_DIRECT_OBJC_ISA_USAGE = YES_ERROR;
				CLANG_WARN_DOCUMENTATION_COMMENTS = YES;
				CLANG_WARN_EMPTY_BODY = YES;
				CLANG_WARN_ENUM_CONVERSION = YES;
				CLANG_WARN_INFINITE_RECURSION = YES;
				CLANG_WARN_INT_CONVERSION = YES;
				CLANG_WARN_NON_LITERAL_NULL_CONVERSION = YES;
				CLANG_WARN_OBJC_IMPLICIT_RETAIN_SELF = YES;
				CLANG_WARN_OBJC_LITERAL_CONVERSION = YES;
				CLANG_WARN_OBJC_ROOT_CLASS = YES_ERROR;
				CLANG_WARN_QUOTED_INCLUDE_IN_FRAMEWORK_HEADER = YES;
				CLANG_WARN_RANGE_LOOP_ANALYSIS = YES;
				CLANG_WARN_STRICT_PROTOTYPES = YES;
				CLANG_WARN_SUSPICIOUS_MOVE = YES;
				CLANG_WARN_UNGUARDED_AVAILABILITY = YES_AGGRESSIVE;
				CLANG_WARN_UNREACHABLE_CODE = YES;
				CLANG_WARN__DUPLICATE_METHOD_MATCH = YES;
				COPY_PHASE_STRIP = NO;
				DEBUG_INFORMATION_FORMAT = "dwarf-with-dsym";
				ENABLE_NS_ASSERTIONS = NO;
				ENABLE_STRICT_OBJC_MSGSEND = YES;
				GCC_C_LANGUAGE_STANDARD = gnu11;
				GCC_NO_COMMON_BLOCKS = YES;
				GCC_WARN_64_TO_32_BIT_CONVERSION = YES;
				GCC_WARN_ABOUT_RETURN_TYPE = YES_ERROR;
				GCC_WARN_UNDECLARED_SELECTOR = YES;
				GCC_WARN_UNINITIALIZED_AUTOS = YES_AGGRESSIVE;
				GCC_WARN_UNUSED_FUNCTION = YES;
				GCC_WARN_UNUSED_VARIABLE = YES;
				IPHONEOS_DEPLOYMENT_TARGET = 13.0;
				MTL_ENABLE_DEBUG_INFO = NO;
				MTL_FAST_MATH = YES;
				SDKROOT = iphoneos;
				SWIFT_COMPILATION_MODE = wholemodule;
				SWIFT_OPTIMIZATION_LEVEL = "-O";
				VALIDATE_PRODUCT = YES;
			};
			name = Release;
		};
		9DE91AFD2578F6BF0079C7F4 /* Debug */ = {
			isa = XCBuildConfiguration;
			baseConfigurationReference = 1532B31DD479B1E00A531633 /* Pods-Colorful.debug.xcconfig */;
			buildSettings = {
				ASSETCATALOG_COMPILER_APPICON_NAME = AppIcon;
				ASSETCATALOG_COMPILER_GLOBAL_ACCENT_COLOR_NAME = AccentColor;
				CODE_SIGN_STYLE = Automatic;
				DEVELOPMENT_TEAM = AKW8XUH283;
				INFOPLIST_FILE = Colorful/Info.plist;
				IPHONEOS_DEPLOYMENT_TARGET = 13.0;
				LD_RUNPATH_SEARCH_PATHS = (
					"$(inherited)",
					"@executable_path/Frameworks",
				);
				PRODUCT_BUNDLE_IDENTIFIER = com.dongminyoon.Colorful;
				PRODUCT_NAME = "$(TARGET_NAME)";
				SWIFT_VERSION = 5.0;
				TARGETED_DEVICE_FAMILY = "1,2";
			};
			name = Debug;
		};
		9DE91AFE2578F6BF0079C7F4 /* Release */ = {
			isa = XCBuildConfiguration;
			baseConfigurationReference = 0962F63CB137ED2AA7DF808B /* Pods-Colorful.release.xcconfig */;
			buildSettings = {
				ASSETCATALOG_COMPILER_APPICON_NAME = AppIcon;
				ASSETCATALOG_COMPILER_GLOBAL_ACCENT_COLOR_NAME = AccentColor;
				CODE_SIGN_STYLE = Automatic;
				DEVELOPMENT_TEAM = AKW8XUH283;
				INFOPLIST_FILE = Colorful/Info.plist;
				IPHONEOS_DEPLOYMENT_TARGET = 13.0;
				LD_RUNPATH_SEARCH_PATHS = (
					"$(inherited)",
					"@executable_path/Frameworks",
				);
				PRODUCT_BUNDLE_IDENTIFIER = com.dongminyoon.Colorful;
				PRODUCT_NAME = "$(TARGET_NAME)";
				SWIFT_VERSION = 5.0;
				TARGETED_DEVICE_FAMILY = "1,2";
			};
			name = Release;
		};
		9DE91B002578F6BF0079C7F4 /* Debug */ = {
			isa = XCBuildConfiguration;
			baseConfigurationReference = A95AD74E7F3D5B56172EEE38 /* Pods-ColorfulTests.debug.xcconfig */;
			buildSettings = {
				ALWAYS_EMBED_SWIFT_STANDARD_LIBRARIES = YES;
				BUNDLE_LOADER = "$(TEST_HOST)";
				CODE_SIGN_STYLE = Automatic;
				DEVELOPMENT_TEAM = AKW8XUH283;
				INFOPLIST_FILE = ColorfulTests/Info.plist;
				IPHONEOS_DEPLOYMENT_TARGET = 14.1;
				LD_RUNPATH_SEARCH_PATHS = (
					"$(inherited)",
					"@executable_path/Frameworks",
					"@loader_path/Frameworks",
				);
				PRODUCT_BUNDLE_IDENTIFIER = com.dongminyoon.ColorfulTests;
				PRODUCT_NAME = "$(TARGET_NAME)";
				SWIFT_VERSION = 5.0;
				TARGETED_DEVICE_FAMILY = "1,2";
				TEST_HOST = "$(BUILT_PRODUCTS_DIR)/Colorful.app/Colorful";
			};
			name = Debug;
		};
		9DE91B012578F6BF0079C7F4 /* Release */ = {
			isa = XCBuildConfiguration;
			baseConfigurationReference = 9E5EA923A5C1F4D9AFB8653F /* Pods-ColorfulTests.release.xcconfig */;
			buildSettings = {
				ALWAYS_EMBED_SWIFT_STANDARD_LIBRARIES = YES;
				BUNDLE_LOADER = "$(TEST_HOST)";
				CODE_SIGN_STYLE = Automatic;
				DEVELOPMENT_TEAM = AKW8XUH283;
				INFOPLIST_FILE = ColorfulTests/Info.plist;
				IPHONEOS_DEPLOYMENT_TARGET = 14.1;
				LD_RUNPATH_SEARCH_PATHS = (
					"$(inherited)",
					"@executable_path/Frameworks",
					"@loader_path/Frameworks",
				);
				PRODUCT_BUNDLE_IDENTIFIER = com.dongminyoon.ColorfulTests;
				PRODUCT_NAME = "$(TARGET_NAME)";
				SWIFT_VERSION = 5.0;
				TARGETED_DEVICE_FAMILY = "1,2";
				TEST_HOST = "$(BUILT_PRODUCTS_DIR)/Colorful.app/Colorful";
			};
			name = Release;
		};
		9DE91B032578F6BF0079C7F4 /* Debug */ = {
			isa = XCBuildConfiguration;
			baseConfigurationReference = 9D61E95A9B7E972464983A11 /* Pods-Colorful-ColorfulUITests.debug.xcconfig */;
			buildSettings = {
				ALWAYS_EMBED_SWIFT_STANDARD_LIBRARIES = YES;
				CODE_SIGN_STYLE = Automatic;
				DEVELOPMENT_TEAM = AKW8XUH283;
				INFOPLIST_FILE = ColorfulUITests/Info.plist;
				LD_RUNPATH_SEARCH_PATHS = (
					"$(inherited)",
					"@executable_path/Frameworks",
					"@loader_path/Frameworks",
				);
				PRODUCT_BUNDLE_IDENTIFIER = com.dongminyoon.ColorfulUITests;
				PRODUCT_NAME = "$(TARGET_NAME)";
				SWIFT_VERSION = 5.0;
				TARGETED_DEVICE_FAMILY = "1,2";
				TEST_TARGET_NAME = Colorful;
			};
			name = Debug;
		};
		9DE91B042578F6BF0079C7F4 /* Release */ = {
			isa = XCBuildConfiguration;
			baseConfigurationReference = 73B272007F05D401F90740CD /* Pods-Colorful-ColorfulUITests.release.xcconfig */;
			buildSettings = {
				ALWAYS_EMBED_SWIFT_STANDARD_LIBRARIES = YES;
				CODE_SIGN_STYLE = Automatic;
				DEVELOPMENT_TEAM = AKW8XUH283;
				INFOPLIST_FILE = ColorfulUITests/Info.plist;
				LD_RUNPATH_SEARCH_PATHS = (
					"$(inherited)",
					"@executable_path/Frameworks",
					"@loader_path/Frameworks",
				);
				PRODUCT_BUNDLE_IDENTIFIER = com.dongminyoon.ColorfulUITests;
				PRODUCT_NAME = "$(TARGET_NAME)";
				SWIFT_VERSION = 5.0;
				TARGETED_DEVICE_FAMILY = "1,2";
				TEST_TARGET_NAME = Colorful;
			};
			name = Release;
		};
/* End XCBuildConfiguration section */

/* Begin XCConfigurationList section */
		9DE91ACD2578F6BB0079C7F4 /* Build configuration list for PBXProject "Colorful" */ = {
			isa = XCConfigurationList;
			buildConfigurations = (
				9DE91AFA2578F6BF0079C7F4 /* Debug */,
				9DE91AFB2578F6BF0079C7F4 /* Release */,
			);
			defaultConfigurationIsVisible = 0;
			defaultConfigurationName = Release;
		};
		9DE91AFC2578F6BF0079C7F4 /* Build configuration list for PBXNativeTarget "Colorful" */ = {
			isa = XCConfigurationList;
			buildConfigurations = (
				9DE91AFD2578F6BF0079C7F4 /* Debug */,
				9DE91AFE2578F6BF0079C7F4 /* Release */,
			);
			defaultConfigurationIsVisible = 0;
			defaultConfigurationName = Release;
		};
		9DE91AFF2578F6BF0079C7F4 /* Build configuration list for PBXNativeTarget "ColorfulTests" */ = {
			isa = XCConfigurationList;
			buildConfigurations = (
				9DE91B002578F6BF0079C7F4 /* Debug */,
				9DE91B012578F6BF0079C7F4 /* Release */,
			);
			defaultConfigurationIsVisible = 0;
			defaultConfigurationName = Release;
		};
		9DE91B022578F6BF0079C7F4 /* Build configuration list for PBXNativeTarget "ColorfulUITests" */ = {
			isa = XCConfigurationList;
			buildConfigurations = (
				9DE91B032578F6BF0079C7F4 /* Debug */,
				9DE91B042578F6BF0079C7F4 /* Release */,
			);
			defaultConfigurationIsVisible = 0;
			defaultConfigurationName = Release;
		};
/* End XCConfigurationList section */
	};
	rootObject = 9DE91ACA2578F6BB0079C7F4 /* Project object */;
}
